
Microsoft Visual Studio Solution File, Format Version 12.00
# Visual Studio Version 17
VisualStudioVersion = 17.4.33213.308
MinimumVisualStudioVersion = 10.0.40219.1
Project("{FAE04EC0-301F-11D3-BF4B-00C04F79EFBC}") = "Billpayment(flutwave)new", "Billpayment(flutwave)new\Billpayment(flutwave)new.csproj", "{D1F4ACAB-0C19-4FA1-AD25-0F691F13D8C6}"
EndProject
Project("{FAE04EC0-301F-11D3-BF4B-00C04F79EFBC}") = "Billpayment.Application", "Billpayment.Application\Billpayment.Application.csproj", "{AD8605F4-3494-4D0A-9CB8-8B14E20D3B17}"
EndProject
Project("{FAE04EC0-301F-11D3-BF4B-00C04F79EFBC}") = "Billpayment.Domain", "Billpayment.Domain\Billpayment.Domain.csproj", "{EDB36E3E-91A8-4921-851A-4B05DF4A4D52}"
EndProject
Project("{FAE04EC0-301F-11D3-BF4B-00C04F79EFBC}") = "Billpayment.Infrastructure", "Billpayment.Infrastructure\Billpayment.Infrastructure.csproj", "{D7E46A11-5277-4CA6-A9B8-F7A600530F6B}"
EndProject
Project("{FAE04EC0-301F-11D3-BF4B-00C04F79EFBC}") = "Billpayment.Shared", "Billpayment.Shared\Billpayment.Shared.csproj", "{77EC88FC-E696-47DB-AF81-79B17F83B114}"
EndProject
Global
	GlobalSection(SolutionConfigurationPlatforms) = preSolution
		Debug|Any CPU = Debug|Any CPU
		Release|Any CPU = Release|Any CPU
	EndGlobalSection
	GlobalSection(ProjectConfigurationPlatforms) = postSolution
		{D1F4ACAB-0C19-4FA1-AD25-0F691F13D8C6}.Debug|Any CPU.ActiveCfg = Debug|Any CPU
		{D1F4ACAB-0C19-4FA1-AD25-0F691F13D8C6}.Debug|Any CPU.Build.0 = Debug|Any CPU
		{D1F4ACAB-0C19-4FA1-AD25-0F691F13D8C6}.Release|Any CPU.ActiveCfg = Release|Any CPU
		{D1F4ACAB-0C19-4FA1-AD25-0F691F13D8C6}.Release|Any CPU.Build.0 = Release|Any CPU
		{AD8605F4-3494-4D0A-9CB8-8B14E20D3B17}.Debug|Any CPU.ActiveCfg = Debug|Any CPU
		{AD8605F4-3494-4D0A-9CB8-8B14E20D3B17}.Debug|Any CPU.Build.0 = Debug|Any CPU
		{AD8605F4-3494-4D0A-9CB8-8B14E20D3B17}.Release|Any CPU.ActiveCfg = Release|Any CPU
		{AD8605F4-3494-4D0A-9CB8-8B14E20D3B17}.Release|Any CPU.Build.0 = Release|Any CPU
		{EDB36E3E-91A8-4921-851A-4B05DF4A4D52}.Debug|Any CPU.ActiveCfg = Debug|Any CPU
		{EDB36E3E-91A8-4921-851A-4B05DF4A4D52}.Debug|Any CPU.Build.0 = Debug|Any CPU
		{EDB36E3E-91A8-4921-851A-4B05DF4A4D52}.Release|Any CPU.ActiveCfg = Release|Any CPU
		{EDB36E3E-91A8-4921-851A-4B05DF4A4D52}.Release|Any CPU.Build.0 = Release|Any CPU
		{D7E46A11-5277-4CA6-A9B8-F7A600530F6B}.Debug|Any CPU.ActiveCfg = Debug|Any CPU
		{D7E46A11-5277-4CA6-A9B8-F7A600530F6B}.Debug|Any CPU.Build.0 = Debug|Any CPU
		{D7E46A11-5277-4CA6-A9B8-F7A600530F6B}.Release|Any CPU.ActiveCfg = Release|Any CPU
		{D7E46A11-5277-4CA6-A9B8-F7A600530F6B}.Release|Any CPU.Build.0 = Release|Any CPU
		{77EC88FC-E696-47DB-AF81-79B17F83B114}.Debug|Any CPU.ActiveCfg = Debug|Any CPU
		{77EC88FC-E696-47DB-AF81-79B17F83B114}.Debug|Any CPU.Build.0 = Debug|Any CPU
		{77EC88FC-E696-47DB-AF81-79B17F83B114}.Release|Any CPU.ActiveCfg = Release|Any CPU
		{77EC88FC-E696-47DB-AF81-79B17F83B114}.Release|Any CPU.Build.0 = Release|Any CPU
	EndGlobalSection
	GlobalSection(SolutionProperties) = preSolution
		HideSolutionNode = FALSE
	EndGlobalSection
	GlobalSection(ExtensibilityGlobals) = postSolution
		SolutionGuid = {E6D4EEAF-F109-433D-9F5A-1234AB24F89D}
	EndGlobalSection
EndGlobal
